
Microsoft Visual Studio Solution File, Format Version 12.00
# Visual Studio 14
VisualStudioVersion = 14.0.23107.0
MinimumVisualStudioVersion = 10.0.40219.1
Project("{FAE04EC0-301F-11D3-BF4B-00C04F79EFBC}") = "BancaTcc", "BancaTcc\BancaTcc.csproj", "{E754DD57-DEDC-4A1B-ACEF-C41CE692EF14}"
EndProject
Project("{FAE04EC0-301F-11D3-BF4B-00C04F79EFBC}") = "PexeiraConnectionClassLibrary", "..\PexeiraConnection\PexeiraConnectionClassLibrary\PexeiraConnectionClassLibrary.csproj", "{8F5CFBB8-BE6C-4E46-8145-92D6691FEDF2}"
EndProject
Global
	GlobalSection(SolutionConfigurationPlatforms) = preSolution
		Debug|Any CPU = Debug|Any CPU
		Release|Any CPU = Release|Any CPU
	EndGlobalSection
	GlobalSection(ProjectConfigurationPlatforms) = postSolution
		{E754DD57-DEDC-4A1B-ACEF-C41CE692EF14}.Debug|Any CPU.ActiveCfg = Debug|Any CPU
		{E754DD57-DEDC-4A1B-ACEF-C41CE692EF14}.Debug|Any CPU.Build.0 = Debug|Any CPU
		{E754DD57-DEDC-4A1B-ACEF-C41CE692EF14}.Release|Any CPU.ActiveCfg = Release|Any CPU
		{E754DD57-DEDC-4A1B-ACEF-C41CE692EF14}.Release|Any CPU.Build.0 = Release|Any CPU
		{8F5CFBB8-BE6C-4E46-8145-92D6691FEDF2}.Debug|Any CPU.ActiveCfg = Debug|Any CPU
		{8F5CFBB8-BE6C-4E46-8145-92D6691FEDF2}.Debug|Any CPU.Build.0 = Debug|Any CPU
		{8F5CFBB8-BE6C-4E46-8145-92D6691FEDF2}.Release|Any CPU.ActiveCfg = Release|Any CPU
		{8F5CFBB8-BE6C-4E46-8145-92D6691FEDF2}.Release|Any CPU.Build.0 = Release|Any CPU
	EndGlobalSection
	GlobalSection(SolutionProperties) = preSolution
		HideSolutionNode = FALSE
	EndGlobalSection
EndGlobal
